
Microsoft Visual Studio Solution File, Format Version 11.00
# Visual Studio 2010
Project("{8BC9CEB8-8B4A-11D0-8D11-00A0C91BC942}") = "Visual Basic", "Visual Basic\Visual Basic.vcxproj", "{D6EEBDF2-A059-49F3-881A-E6ED471779C7}"
EndProject
Global
	GlobalSection(SolutionConfigurationPlatforms) = preSolution
		Debug|Win32 = Debug|Win32
		Release|Win32 = Release|Win32
	EndGlobalSection
	GlobalSection(ProjectConfigurationPlatforms) = postSolution
		{D6EEBDF2-A059-49F3-881A-E6ED471779C7}.Debug|Win32.ActiveCfg = Debug|Win32
		{D6EEBDF2-A059-49F3-881A-E6ED471779C7}.Debug|Win32.Build.0 = Debug|Win32
		{D6EEBDF2-A059-49F3-881A-E6ED471779C7}.Release|Win32.ActiveCfg = Release|Win32
		{D6EEBDF2-A059-49F3-881A-E6ED471779C7}.Release|Win32.Build.0 = Release|Win32
	EndGlobalSection
	GlobalSection(SolutionProperties) = preSolution
		HideSolutionNode = FALSE
	EndGlobalSection
EndGlobal
